
Microsoft Visual Studio Solution File, Format Version 12.00
# Visual Studio 15
VisualStudioVersion = 15.0.26228.4
MinimumVisualStudioVersion = 10.0.40219.1
Project("{2150E333-8FDC-42A3-9474-1A3956D46DE8}") = "nuget", "nuget", "{A72B4CFF-FE1D-49B7-827A-81F104C5D976}"
EndProject
Project("{FAE04EC0-301F-11D3-BF4B-00C04F79EFBC}") = "Transformer.Cli", "Transformer.Cli\Transformer.Cli.csproj", "{6E5EE008-DA85-4305-9123-33543B9539BE}"
EndProject
Project("{FAE04EC0-301F-11D3-BF4B-00C04F79EFBC}") = "Transformer.Tests", "Transformer.Tests\Transformer.Tests.csproj", "{AC5AE3C1-30BD-4F53-B7CA-D4BD41FE3486}"
EndProject
Project("{FAE04EC0-301F-11D3-BF4B-00C04F79EFBC}") = "Transformer", "Transformer\Transformer.csproj", "{40251574-65AD-4303-92E6-9A3F430813FA}"
EndProject
Global
	GlobalSection(SolutionConfigurationPlatforms) = preSolution
		Debug|Any CPU = Debug|Any CPU
		Package|Any CPU = Package|Any CPU
		Release|Any CPU = Release|Any CPU
	EndGlobalSection
	GlobalSection(ProjectConfigurationPlatforms) = postSolution
		{6E5EE008-DA85-4305-9123-33543B9539BE}.Debug|Any CPU.ActiveCfg = Debug|Any CPU
		{6E5EE008-DA85-4305-9123-33543B9539BE}.Debug|Any CPU.Build.0 = Debug|Any CPU
		{6E5EE008-DA85-4305-9123-33543B9539BE}.Package|Any CPU.ActiveCfg = Debug|Any CPU
		{6E5EE008-DA85-4305-9123-33543B9539BE}.Package|Any CPU.Build.0 = Debug|Any CPU
		{6E5EE008-DA85-4305-9123-33543B9539BE}.Release|Any CPU.ActiveCfg = Release|Any CPU
		{6E5EE008-DA85-4305-9123-33543B9539BE}.Release|Any CPU.Build.0 = Release|Any CPU
		{AC5AE3C1-30BD-4F53-B7CA-D4BD41FE3486}.Debug|Any CPU.ActiveCfg = Debug|Any CPU
		{AC5AE3C1-30BD-4F53-B7CA-D4BD41FE3486}.Debug|Any CPU.Build.0 = Debug|Any CPU
		{AC5AE3C1-30BD-4F53-B7CA-D4BD41FE3486}.Package|Any CPU.ActiveCfg = Debug|Any CPU
		{AC5AE3C1-30BD-4F53-B7CA-D4BD41FE3486}.Package|Any CPU.Build.0 = Debug|Any CPU
		{AC5AE3C1-30BD-4F53-B7CA-D4BD41FE3486}.Release|Any CPU.ActiveCfg = Release|Any CPU
		{AC5AE3C1-30BD-4F53-B7CA-D4BD41FE3486}.Release|Any CPU.Build.0 = Release|Any CPU
		{40251574-65AD-4303-92E6-9A3F430813FA}.Debug|Any CPU.ActiveCfg = Debug|Any CPU
		{40251574-65AD-4303-92E6-9A3F430813FA}.Debug|Any CPU.Build.0 = Debug|Any CPU
		{40251574-65AD-4303-92E6-9A3F430813FA}.Package|Any CPU.ActiveCfg = Debug|Any CPU
		{40251574-65AD-4303-92E6-9A3F430813FA}.Package|Any CPU.Build.0 = Debug|Any CPU
		{40251574-65AD-4303-92E6-9A3F430813FA}.Release|Any CPU.ActiveCfg = Release|Any CPU
		{40251574-65AD-4303-92E6-9A3F430813FA}.Release|Any CPU.Build.0 = Release|Any CPU
	EndGlobalSection
	GlobalSection(SolutionProperties) = preSolution
		HideSolutionNode = FALSE
	EndGlobalSection
	GlobalSection(ExtensibilityGlobals) = postSolution
		SolutionGuid = {4FF1157B-CF33-4061-A229-80D9081007E0}
	EndGlobalSection
	GlobalSection(NestedProjects) = preSolution
	EndGlobalSection
EndGlobal
